
Microsoft Visual Studio Solution File, Format Version 12.00
# Visual Studio 15
VisualStudioVersion = 15.0.27428.2015
MinimumVisualStudioVersion = 10.0.40219.1
Project("{2150E333-8FDC-42A3-9474-1A3956D46DE8}") = "Documentation", "Documentation", "{8027D996-97F6-452D-B90C-37559A45458C}"
	ProjectSection(SolutionItems) = preProject
		ChangePhaseExplained.txt = ChangePhaseExplained.txt
		README.md = README.md
	EndProjectSection
EndProject
Project("{00D1A9C2-B5F0-4AF3-8072-F6C62B433612}") = "00 - TOPdesk-Replica", "00 - TOPdesk-Replica\00 - TOPdesk-Replica.sqlproj", "{E4FE59BC-18B0-494B-8A66-0B61D1C59AC9}"
EndProject
Project("{00D1A9C2-B5F0-4AF3-8072-F6C62B433612}") = "10 - Metadesk", "10 - Metadesk\10 - Metadesk.sqlproj", "{A9D2021E-21F6-434A-85A5-C311934631C6}"
EndProject
Project("{151D2E53-A2C4-4D7D-83FE-D05416EBD58E}") = "90 - ResourceGroup", "90 - ResourceGroup\90 - ResourceGroup.deployproj", "{C889BBE9-2DAC-4899-8267-DC7E4B9588AA}"
EndProject
Global
	GlobalSection(SolutionConfigurationPlatforms) = preSolution
		Debug|Any CPU = Debug|Any CPU
		Release|Any CPU = Release|Any CPU
	EndGlobalSection
	GlobalSection(ProjectConfigurationPlatforms) = postSolution
		{E4FE59BC-18B0-494B-8A66-0B61D1C59AC9}.Debug|Any CPU.ActiveCfg = Debug|Any CPU
		{E4FE59BC-18B0-494B-8A66-0B61D1C59AC9}.Debug|Any CPU.Build.0 = Debug|Any CPU
		{E4FE59BC-18B0-494B-8A66-0B61D1C59AC9}.Debug|Any CPU.Deploy.0 = Debug|Any CPU
		{E4FE59BC-18B0-494B-8A66-0B61D1C59AC9}.Release|Any CPU.ActiveCfg = Release|Any CPU
		{E4FE59BC-18B0-494B-8A66-0B61D1C59AC9}.Release|Any CPU.Build.0 = Release|Any CPU
		{E4FE59BC-18B0-494B-8A66-0B61D1C59AC9}.Release|Any CPU.Deploy.0 = Release|Any CPU
		{A9D2021E-21F6-434A-85A5-C311934631C6}.Debug|Any CPU.ActiveCfg = Debug|Any CPU
		{A9D2021E-21F6-434A-85A5-C311934631C6}.Debug|Any CPU.Build.0 = Debug|Any CPU
		{A9D2021E-21F6-434A-85A5-C311934631C6}.Debug|Any CPU.Deploy.0 = Debug|Any CPU
		{A9D2021E-21F6-434A-85A5-C311934631C6}.Release|Any CPU.ActiveCfg = Release|Any CPU
		{A9D2021E-21F6-434A-85A5-C311934631C6}.Release|Any CPU.Build.0 = Release|Any CPU
		{A9D2021E-21F6-434A-85A5-C311934631C6}.Release|Any CPU.Deploy.0 = Release|Any CPU
		{C889BBE9-2DAC-4899-8267-DC7E4B9588AA}.Debug|Any CPU.ActiveCfg = Debug|Any CPU
		{C889BBE9-2DAC-4899-8267-DC7E4B9588AA}.Debug|Any CPU.Build.0 = Debug|Any CPU
		{C889BBE9-2DAC-4899-8267-DC7E4B9588AA}.Release|Any CPU.ActiveCfg = Release|Any CPU
		{C889BBE9-2DAC-4899-8267-DC7E4B9588AA}.Release|Any CPU.Build.0 = Release|Any CPU
	EndGlobalSection
	GlobalSection(SolutionProperties) = preSolution
		HideSolutionNode = FALSE
	EndGlobalSection
	GlobalSection(ExtensibilityGlobals) = postSolution
		SolutionGuid = {7C39D8A1-91AA-496C-9F15-05D62DCE9972}
	EndGlobalSection
EndGlobal
