
Microsoft Visual Studio Solution File, Format Version 12.00
# Visual Studio 14
VisualStudioVersion = 14.0.25420.1
MinimumVisualStudioVersion = 10.0.40219.1
Project("{2150E333-8FDC-42A3-9474-1A3956D46DE8}") = "Solution Items", "Solution Items", "{B6F155AB-D382-4D95-8716-4297FF563070}"
	ProjectSection(SolutionItems) = preProject
		Solution Items\DWH_Quadraam.scmp = Solution Items\DWH_Quadraam.scmp
		Solution Items\Metadata_Quadraam.scmp = Solution Items\Metadata_Quadraam.scmp
		Solution Items\Staging_Quadraam.scmp = Solution Items\Staging_Quadraam.scmp
		Solution Items\Archive_Quadraam.scmp = Solution Items\Archive_Quadraam.scmp
	EndProjectSection
EndProject
Project("{00D1A9C2-B5F0-4AF3-8072-F6C62B433612}") = "DWH_Quadraam", "DWH_Quadraam\DWH_Quadraam.sqlproj", "{FA6303BA-D65B-4D0C-93E6-C83340BA8C93}"
EndProject
Project("{00D1A9C2-B5F0-4AF3-8072-F6C62B433612}") = "Server Objects", "Server Objects\Server Objects.sqlproj", "{7152951F-C216-43D5-9763-02A5180AF23F}"
EndProject
Project("{00D1A9C2-B5F0-4AF3-8072-F6C62B433612}") = "Metadata_Quadraam", "Metadata_Quadraam\Metadata_Quadraam.sqlproj", "{52349C11-6C82-40F9-AD1A-B5C922F5F7E7}"
EndProject
Project("{00D1A9C2-B5F0-4AF3-8072-F6C62B433612}") = "Staging_Quadraam", "Staging_Quadraam\Staging_Quadraam.sqlproj", "{1B938DFB-F8D2-4DE1-94CE-229FEB2566C1}"
EndProject
Project("{00D1A9C2-B5F0-4AF3-8072-F6C62B433612}") = "Archive_Quadraam", "Archive_Quadraam\Archive_Quadraam.sqlproj", "{C3B5D585-21A8-4323-8A49-EDCF26C97235}"
EndProject
Global
	GlobalSection(SolutionConfigurationPlatforms) = preSolution
		Debug|Any CPU = Debug|Any CPU
		Release|Any CPU = Release|Any CPU
	EndGlobalSection
	GlobalSection(ProjectConfigurationPlatforms) = postSolution
		{FA6303BA-D65B-4D0C-93E6-C83340BA8C93}.Debug|Any CPU.ActiveCfg = Debug|Any CPU
		{FA6303BA-D65B-4D0C-93E6-C83340BA8C93}.Debug|Any CPU.Build.0 = Debug|Any CPU
		{FA6303BA-D65B-4D0C-93E6-C83340BA8C93}.Debug|Any CPU.Deploy.0 = Debug|Any CPU
		{FA6303BA-D65B-4D0C-93E6-C83340BA8C93}.Release|Any CPU.ActiveCfg = Release|Any CPU
		{FA6303BA-D65B-4D0C-93E6-C83340BA8C93}.Release|Any CPU.Build.0 = Release|Any CPU
		{FA6303BA-D65B-4D0C-93E6-C83340BA8C93}.Release|Any CPU.Deploy.0 = Release|Any CPU
		{7152951F-C216-43D5-9763-02A5180AF23F}.Debug|Any CPU.ActiveCfg = Debug|Any CPU
		{7152951F-C216-43D5-9763-02A5180AF23F}.Debug|Any CPU.Build.0 = Debug|Any CPU
		{7152951F-C216-43D5-9763-02A5180AF23F}.Debug|Any CPU.Deploy.0 = Debug|Any CPU
		{7152951F-C216-43D5-9763-02A5180AF23F}.Release|Any CPU.ActiveCfg = Release|Any CPU
		{7152951F-C216-43D5-9763-02A5180AF23F}.Release|Any CPU.Build.0 = Release|Any CPU
		{7152951F-C216-43D5-9763-02A5180AF23F}.Release|Any CPU.Deploy.0 = Release|Any CPU
		{52349C11-6C82-40F9-AD1A-B5C922F5F7E7}.Debug|Any CPU.ActiveCfg = Debug|Any CPU
		{52349C11-6C82-40F9-AD1A-B5C922F5F7E7}.Debug|Any CPU.Build.0 = Debug|Any CPU
		{52349C11-6C82-40F9-AD1A-B5C922F5F7E7}.Debug|Any CPU.Deploy.0 = Debug|Any CPU
		{52349C11-6C82-40F9-AD1A-B5C922F5F7E7}.Release|Any CPU.ActiveCfg = Release|Any CPU
		{52349C11-6C82-40F9-AD1A-B5C922F5F7E7}.Release|Any CPU.Build.0 = Release|Any CPU
		{52349C11-6C82-40F9-AD1A-B5C922F5F7E7}.Release|Any CPU.Deploy.0 = Release|Any CPU
		{1B938DFB-F8D2-4DE1-94CE-229FEB2566C1}.Debug|Any CPU.ActiveCfg = Debug|Any CPU
		{1B938DFB-F8D2-4DE1-94CE-229FEB2566C1}.Debug|Any CPU.Build.0 = Debug|Any CPU
		{1B938DFB-F8D2-4DE1-94CE-229FEB2566C1}.Debug|Any CPU.Deploy.0 = Debug|Any CPU
		{1B938DFB-F8D2-4DE1-94CE-229FEB2566C1}.Release|Any CPU.ActiveCfg = Release|Any CPU
		{1B938DFB-F8D2-4DE1-94CE-229FEB2566C1}.Release|Any CPU.Build.0 = Release|Any CPU
		{1B938DFB-F8D2-4DE1-94CE-229FEB2566C1}.Release|Any CPU.Deploy.0 = Release|Any CPU
		{C3B5D585-21A8-4323-8A49-EDCF26C97235}.Debug|Any CPU.ActiveCfg = Debug|Any CPU
		{C3B5D585-21A8-4323-8A49-EDCF26C97235}.Debug|Any CPU.Build.0 = Debug|Any CPU
		{C3B5D585-21A8-4323-8A49-EDCF26C97235}.Debug|Any CPU.Deploy.0 = Debug|Any CPU
		{C3B5D585-21A8-4323-8A49-EDCF26C97235}.Release|Any CPU.ActiveCfg = Release|Any CPU
		{C3B5D585-21A8-4323-8A49-EDCF26C97235}.Release|Any CPU.Build.0 = Release|Any CPU
		{C3B5D585-21A8-4323-8A49-EDCF26C97235}.Release|Any CPU.Deploy.0 = Release|Any CPU
	EndGlobalSection
	GlobalSection(SolutionProperties) = preSolution
		HideSolutionNode = FALSE
	EndGlobalSection
EndGlobal
