
Microsoft Visual Studio Solution File, Format Version 12.00
# Visual Studio 15
VisualStudioVersion = 15.0.27703.2035
MinimumVisualStudioVersion = 10.0.40219.1
Project("{2150E333-8FDC-42A3-9474-1A3956D46DE8}") = "Solution Items", "Solution Items", "{F2AA6362-F7AE-4B6C-A76C-43D96EEB5190}"
EndProject
Project("{00D1A9C2-B5F0-4AF3-8072-F6C62B433612}") = "03 - Datamart", "03 - Datamart\03 - Datamart.sqlproj", "{A2D8B14E-834B-4FAF-93C6-0E29D1672FCC}"
	ProjectSection(ProjectDependencies) = postProject
		{C24EE085-40F0-4701-AAF3-911A6F6BF7A2} = {C24EE085-40F0-4701-AAF3-911A6F6BF7A2}
	EndProjectSection
EndProject
Project("{00D1A9C2-B5F0-4AF3-8072-F6C62B433612}") = "02 - Archive", "02 - Archive\02 - Archive.sqlproj", "{C24EE085-40F0-4701-AAF3-911A6F6BF7A2}"
EndProject
Project("{00D1A9C2-B5F0-4AF3-8072-F6C62B433612}") = "ServerObjects", "ServerObjects\ServerObjects.sqlproj", "{55316755-FECF-4ABB-8056-86B73B160376}"
EndProject
Project("{2150E333-8FDC-42A3-9474-1A3956D46DE8}") = "SchemaCompare localhost", "SchemaCompare localhost", "{E3E55D5A-1D44-44F7-89EA-03580CD76F12}"
	ProjectSection(SolutionItems) = preProject
		_SchemaCompare\localhost\02 - Archive.scmp = _SchemaCompare\localhost\02 - Archive.scmp
		_SchemaCompare\localhost\03 - Datamart.scmp = _SchemaCompare\localhost\03 - Datamart.scmp
	EndProjectSection
EndProject
Project("{2150E333-8FDC-42A3-9474-1A3956D46DE8}") = "SchemaCompare euw-bir-prpl01", "SchemaCompare euw-bir-prpl01", "{FA830F82-B2F5-4539-A391-DCC4B0752F92}"
	ProjectSection(SolutionItems) = preProject
		_SchemaCompare\euw-bir-prpl01\02 - Archive.scmp = _SchemaCompare\euw-bir-prpl01\02 - Archive.scmp
		_SchemaCompare\euw-bir-prpl01\03 - Datamart.scmp = _SchemaCompare\euw-bir-prpl01\03 - Datamart.scmp
	EndProjectSection
EndProject
Project("{2150E333-8FDC-42A3-9474-1A3956D46DE8}") = "SchemaCompare euw-bir-prpl01-acc", "SchemaCompare euw-bir-prpl01-acc", "{1319C31A-B86C-4F3C-9CB8-0894D893FF20}"
	ProjectSection(SolutionItems) = preProject
		_SchemaCompare\euw-bir-prpl01-acc\02 - Archive.scmp = _SchemaCompare\euw-bir-prpl01-acc\02 - Archive.scmp
		_SchemaCompare\euw-bir-prpl01-acc\03 - Datamart.scmp = _SchemaCompare\euw-bir-prpl01-acc\03 - Datamart.scmp
	EndProjectSection
EndProject
Project("{2150E333-8FDC-42A3-9474-1A3956D46DE8}") = "SchemaCompare euw-bir-dtst01", "SchemaCompare euw-bir-dtst01", "{65311CF7-B046-435E-983E-62D312480D6F}"
	ProjectSection(SolutionItems) = preProject
		_SchemaCompare\euw-bir-dtst01\02 - Archive.scmp = _SchemaCompare\euw-bir-dtst01\02 - Archive.scmp
		_SchemaCompare\euw-bir-dtst01\03 - Datamart.scmp = _SchemaCompare\euw-bir-dtst01\03 - Datamart.scmp
	EndProjectSection
EndProject
Project("{151D2E53-A2C4-4D7D-83FE-D05416EBD58E}") = "90 - ETL ResourceGroup", "90 - ETL ResourceGroup\90 - ETL ResourceGroup.deployproj", "{067C128C-D54D-4FB0-8C86-320B9AE37357}"
EndProject
Global
	GlobalSection(SolutionConfigurationPlatforms) = preSolution
		Debug|Any CPU = Debug|Any CPU
		DebugLocal|Any CPU = DebugLocal|Any CPU
		Release|Any CPU = Release|Any CPU
	EndGlobalSection
	GlobalSection(ProjectConfigurationPlatforms) = postSolution
		{C24EE085-40F0-4701-AAF3-911A6F6BF7A2}.Debug|Any CPU.ActiveCfg = Debug|Any CPU
		{C24EE085-40F0-4701-AAF3-911A6F6BF7A2}.Debug|Any CPU.Build.0 = Debug|Any CPU
		{C24EE085-40F0-4701-AAF3-911A6F6BF7A2}.Debug|Any CPU.Deploy.0 = Debug|Any CPU
		{C24EE085-40F0-4701-AAF3-911A6F6BF7A2}.DebugLocal|Any CPU.ActiveCfg = Debug|Any CPU
		{C24EE085-40F0-4701-AAF3-911A6F6BF7A2}.DebugLocal|Any CPU.Build.0 = Debug|Any CPU
		{C24EE085-40F0-4701-AAF3-911A6F6BF7A2}.DebugLocal|Any CPU.Deploy.0 = Debug|Any CPU
		{C24EE085-40F0-4701-AAF3-911A6F6BF7A2}.Release|Any CPU.ActiveCfg = Release|Any CPU
		{C24EE085-40F0-4701-AAF3-911A6F6BF7A2}.Release|Any CPU.Build.0 = Release|Any CPU
		{C24EE085-40F0-4701-AAF3-911A6F6BF7A2}.Release|Any CPU.Deploy.0 = Release|Any CPU
		{55316755-FECF-4ABB-8056-86B73B160376}.Debug|Any CPU.ActiveCfg = Debug|Any CPU
		{55316755-FECF-4ABB-8056-86B73B160376}.Debug|Any CPU.Build.0 = Debug|Any CPU
		{55316755-FECF-4ABB-8056-86B73B160376}.Debug|Any CPU.Deploy.0 = Debug|Any CPU
		{55316755-FECF-4ABB-8056-86B73B160376}.DebugLocal|Any CPU.ActiveCfg = Debug|Any CPU
		{55316755-FECF-4ABB-8056-86B73B160376}.DebugLocal|Any CPU.Build.0 = Debug|Any CPU
		{55316755-FECF-4ABB-8056-86B73B160376}.DebugLocal|Any CPU.Deploy.0 = Debug|Any CPU
		{55316755-FECF-4ABB-8056-86B73B160376}.Release|Any CPU.ActiveCfg = Release|Any CPU
		{55316755-FECF-4ABB-8056-86B73B160376}.Release|Any CPU.Build.0 = Release|Any CPU
		{55316755-FECF-4ABB-8056-86B73B160376}.Release|Any CPU.Deploy.0 = Release|Any CPU
		{A2D8B14E-834B-4FAF-93C6-0E29D1672FCC}.Debug|Any CPU.ActiveCfg = Debug|Any CPU
		{A2D8B14E-834B-4FAF-93C6-0E29D1672FCC}.Debug|Any CPU.Build.0 = Debug|Any CPU
		{A2D8B14E-834B-4FAF-93C6-0E29D1672FCC}.Debug|Any CPU.Deploy.0 = Debug|Any CPU
		{A2D8B14E-834B-4FAF-93C6-0E29D1672FCC}.DebugLocal|Any CPU.ActiveCfg = Debug|Any CPU
		{A2D8B14E-834B-4FAF-93C6-0E29D1672FCC}.DebugLocal|Any CPU.Build.0 = Debug|Any CPU
		{A2D8B14E-834B-4FAF-93C6-0E29D1672FCC}.DebugLocal|Any CPU.Deploy.0 = Debug|Any CPU
		{A2D8B14E-834B-4FAF-93C6-0E29D1672FCC}.Release|Any CPU.ActiveCfg = Release|Any CPU
		{A2D8B14E-834B-4FAF-93C6-0E29D1672FCC}.Release|Any CPU.Build.0 = Release|Any CPU
		{A2D8B14E-834B-4FAF-93C6-0E29D1672FCC}.Release|Any CPU.Deploy.0 = Release|Any CPU
		{067C128C-D54D-4FB0-8C86-320B9AE37357}.Debug|Any CPU.ActiveCfg = Debug|Any CPU
		{067C128C-D54D-4FB0-8C86-320B9AE37357}.Debug|Any CPU.Build.0 = Debug|Any CPU
		{067C128C-D54D-4FB0-8C86-320B9AE37357}.DebugLocal|Any CPU.ActiveCfg = Debug|Any CPU
		{067C128C-D54D-4FB0-8C86-320B9AE37357}.DebugLocal|Any CPU.Build.0 = Debug|Any CPU
		{067C128C-D54D-4FB0-8C86-320B9AE37357}.Release|Any CPU.ActiveCfg = Release|Any CPU
		{067C128C-D54D-4FB0-8C86-320B9AE37357}.Release|Any CPU.Build.0 = Release|Any CPU
	EndGlobalSection
	GlobalSection(SolutionProperties) = preSolution
		HideSolutionNode = FALSE
	EndGlobalSection
	GlobalSection(NestedProjects) = preSolution
		{E3E55D5A-1D44-44F7-89EA-03580CD76F12} = {F2AA6362-F7AE-4B6C-A76C-43D96EEB5190}
		{FA830F82-B2F5-4539-A391-DCC4B0752F92} = {F2AA6362-F7AE-4B6C-A76C-43D96EEB5190}
		{1319C31A-B86C-4F3C-9CB8-0894D893FF20} = {F2AA6362-F7AE-4B6C-A76C-43D96EEB5190}
		{65311CF7-B046-435E-983E-62D312480D6F} = {F2AA6362-F7AE-4B6C-A76C-43D96EEB5190}
	EndGlobalSection
	GlobalSection(ExtensibilityGlobals) = postSolution
		SolutionGuid = {302A2C8A-1D22-446A-A74F-AAACF1028B02}
	EndGlobalSection
EndGlobal
